# THIS IS AN AUTOGENERATED FILE. DO NOT EDIT THIS FILE DIRECTLY.
# yarn lockfile v1


vant-weapp@^0.5.6:
  version "0.5.6"
  resolved "https://registry.yarnpkg.com/vant-weapp/-/vant-weapp-0.5.6.tgz#d5bea4ceb72f9e1eeb331341c95fa208f1697a62"
  integrity sha512-hJyTRlc9DBqd/6mMExtKahfCPQSETiYokH/cuu2h2lGe6CVq9CiwdGHAnQqSahHIWFKKIs+V5S8IrumdJlxN2w==
